
Microsoft Visual Studio Solution File, Format Version 12.00
# Visual Studio Version 17
VisualStudioVersion = 17.9.34902.65
MinimumVisualStudioVersion = 10.0.40219.1
Project("{FAE04EC0-301F-11D3-BF4B-00C04F79EFBC}") = "EntityFrameworkCodeFirstAPI", "EntityFrameworkCodeFirstAPI\EntityFrameworkCodeFirstAPI.csproj", "{EC839EE6-2243-4432-984F-96D85612AA59}"
EndProject
Global
	GlobalSection(SolutionConfigurationPlatforms) = preSolution
		Debug|Any CPU = Debug|Any CPU
		Release|Any CPU = Release|Any CPU
	EndGlobalSection
	GlobalSection(ProjectConfigurationPlatforms) = postSolution
		{EC839EE6-2243-4432-984F-96D85612AA59}.Debug|Any CPU.ActiveCfg = Debug|Any CPU
		{EC839EE6-2243-4432-984F-96D85612AA59}.Debug|Any CPU.Build.0 = Debug|Any CPU
		{EC839EE6-2243-4432-984F-96D85612AA59}.Release|Any CPU.ActiveCfg = Release|Any CPU
		{EC839EE6-2243-4432-984F-96D85612AA59}.Release|Any CPU.Build.0 = Release|Any CPU
	EndGlobalSection
	GlobalSection(SolutionProperties) = preSolution
		HideSolutionNode = FALSE
	EndGlobalSection
	GlobalSection(ExtensibilityGlobals) = postSolution
		SolutionGuid = {D621F8F6-DD10-46F2-AF26-CA7FE21CE784}
	EndGlobalSection
EndGlobal
